{
  "version": "2",
  "remote": {
    "https://deno.land/std@0.184.0/fmt/colors.ts": "d67e3cd9f472535241a8e410d33423980bec45047e343577554d3356e1f0ef4e",
    "https://deno.land/std@0.184.0/testing/_diff.ts": "1a3c044aedf77647d6cac86b798c6417603361b66b54c53331b312caeb447aea",
    "https://deno.land/std@0.184.0/testing/_format.ts": "a69126e8a469009adf4cf2a50af889aca364c349797e63174884a52ff75cf4c7",
    "https://deno.land/std@0.184.0/testing/asserts.ts": "e16d98b4d73ffc4ed498d717307a12500ae4f2cbe668f1a215632d19fcffc22f",
    "https://deno.land/x/case@v2.1.0/camelCase.ts": "0808961e69e1883c6e94faf85e333196a464ceba46ddc76984d7b8ce9e26a43a",
    "https://deno.land/x/case@v2.1.0/constantCase.ts": "e50eaa8a45cf68417902fda218f03a99e45e2a30f7fce2db325306c84e8c3f0a",
    "https://deno.land/x/case@v2.1.0/dotCase.ts": "ef3977567057e6c2a4e1b5ca09ec34b9e0788c1a50246187c11f435a468be17e",
    "https://deno.land/x/case@v2.1.0/headerCase.ts": "4440a251a196fb6d7090213c39e4c6c50ddecab90c14ec91495bee3563082d3c",
    "https://deno.land/x/case@v2.1.0/lowerCase.ts": "86d5533f9587ed60003181591e40e648838c23f371edfa79d00288153d113b16",
    "https://deno.land/x/case@v2.1.0/lowerFirstCase.ts": "74e8ebe10f3c54a9d8e81d21127a20fcfb34c446e9c49b2a335162babd652de9",
    "https://deno.land/x/case@v2.1.0/mod.ts": "28b0b1329c7b18730799ac05627a433d9547c04b9bfb429116247c60edecd97b",
    "https://deno.land/x/case@v2.1.0/normalCase.ts": "6a8b924da9ab0790d99233ae54bfcfc996d229cb91b2533639fe20972cc33dac",
    "https://deno.land/x/case@v2.1.0/paramCase.ts": "cf3101c59fd4f16ee14fd09985adb7fa3dbfb194f102499986f7407995202394",
    "https://deno.land/x/case@v2.1.0/pascalCase.ts": "f68936d584182c8f4b341238bd9c424b1a740bfba3ab2847234f57a4c205f1df",
    "https://deno.land/x/case@v2.1.0/pathCase.ts": "76e5f437369f8981e17ecdb07870e1c9c8d2d0357f1bf3377e2b0eb132159ed8",
    "https://deno.land/x/case@v2.1.0/sentenceCase.ts": "f3355985a6a41e088c8c9be80219e5e055a68ad9a987df084a57ee437a0871c5",
    "https://deno.land/x/case@v2.1.0/snakeCase.ts": "ee2ab4e2c931d30bb79190d090c21eb5c00d1de1b7a9a3e7f33e035ae431333b",
    "https://deno.land/x/case@v2.1.0/swapCase.ts": "d9b5ee5b8e1ee3d202cbce32a504dde976b9002ed94b4527054a004179905dbb",
    "https://deno.land/x/case@v2.1.0/titleCase.ts": "36d3fc73df58712240a74b04d84191ac22dd2866bef3838b02157f8e46cb0ecb",
    "https://deno.land/x/case@v2.1.0/types.ts": "8e2bd6edaa27c0d1972c0d5b76698564740f37b4d3787d58d1fb5f48de611e61",
    "https://deno.land/x/case@v2.1.0/upperCase.ts": "e6a1a3dea30e17013aa212ec237b35e2dd5c5c0b1501778c07db66ff0bbe4372",
    "https://deno.land/x/case@v2.1.0/upperFirstCase.ts": "2b083db95744105a4f4accefe66dcd09390634514abf757fc580a7ebad58bf4f",
    "https://deno.land/x/case@v2.1.0/vendor/camelCaseRegexp.ts": "7d9ff02aad4ab6429eeab7c7353f7bcdd6cc5909a8bd3dda97918c8bbb7621ae",
    "https://deno.land/x/case@v2.1.0/vendor/camelCaseUpperRegexp.ts": "292de54a698370f90adcdf95727993d09888b7f33d17f72f8e54ba75f7791787",
    "https://deno.land/x/case@v2.1.0/vendor/nonWordRegexp.ts": "c1a052629a694144b48c66b0175a22a83f4d61cb40f4e45293fc5d6b123f927e",
    "https://deno.land/x/deno_dom@v0.1.37/build/deno-wasm/deno-wasm.js": "98b1ad24a1c13284557917659402202e5c5258ab1431b3f3a82434ad36ffa05a",
    "https://deno.land/x/deno_dom@v0.1.37/deno-dom-wasm.ts": "bfd999a493a6974e9fca4d331bee03bfb68cfc600c662cd0b48b21d67a2a8ba0",
    "https://deno.land/x/deno_dom@v0.1.37/src/api.ts": "0ff5790f0a3eeecb4e00b7d8fbfa319b165962cf6d0182a65ba90f158d74f7d7",
    "https://deno.land/x/deno_dom@v0.1.37/src/constructor-lock.ts": "59714df7e0571ec7bd338903b1f396202771a6d4d7f55a452936bd0de9deb186",
    "https://deno.land/x/deno_dom@v0.1.37/src/deserialize.ts": "f4d34514ca00473ca428b69ad437ba345925744b5d791cb9552e2d7a0e7b0439",
    "https://deno.land/x/deno_dom@v0.1.37/src/dom/document-fragment.ts": "a40c6e18dd0efcf749a31552c1c9a6f7fa614452245e86ee38fc92ba0235e5ae",
    "https://deno.land/x/deno_dom@v0.1.37/src/dom/document.ts": "b8f4e4ccabaaa063d6562a0f2f8dea9c0419515d63d8bd79bfde95f7cd64bd93",
    "https://deno.land/x/deno_dom@v0.1.37/src/dom/dom-parser.ts": "609097b426f8c2358f3e5d2bca55ed026cf26cdf86562e94130dfdb0f2537f92",
    "https://deno.land/x/deno_dom@v0.1.37/src/dom/element.ts": "77c454e228dfeb5c570da5aa61d91850400116bfa0f5a85505acdd3c667171a4",
    "https://deno.land/x/deno_dom@v0.1.37/src/dom/elements/html-template-element.ts": "dab94e64ecf7c65f72d186be3f07d1f739fc6a2c0e442139a435af8aed47b646",
    "https://deno.land/x/deno_dom@v0.1.37/src/dom/html-collection.ts": "ae90197f5270c32074926ad6cf30ee07d274d44596c7e413c354880cebce8565",
    "https://deno.land/x/deno_dom@v0.1.37/src/dom/node-list.ts": "4c6e4b4585301d4147addaccd90cb5f5a80e8d6290a1ba7058c5e3dfea16e15d",
    "https://deno.land/x/deno_dom@v0.1.37/src/dom/node.ts": "3069e6fc93ac4111a136ed68199d76673339842b9751610ba06f111ba7dc10a7",
    "https://deno.land/x/deno_dom@v0.1.37/src/dom/selectors/custom-api.ts": "852696bd58e534bc41bd3be9e2250b60b67cd95fd28ed16b1deff1d548531a71",
    "https://deno.land/x/deno_dom@v0.1.37/src/dom/selectors/nwsapi-types.ts": "c43b36c36acc5d32caabaa54fda8c9d239b2b0fcbce9a28efb93c84aa1021698",
    "https://deno.land/x/deno_dom@v0.1.37/src/dom/selectors/nwsapi.js": "985d7d8fc1eabbb88946b47a1c44c1b2d4aa79ff23c21424219f1528fa27a2ff",
    "https://deno.land/x/deno_dom@v0.1.37/src/dom/selectors/selectors.ts": "83eab57be2290fb48e3130533448c93c6c61239f2a2f3b85f1917f80ca0fdc75",
    "https://deno.land/x/deno_dom@v0.1.37/src/dom/selectors/sizzle-types.ts": "78149e2502409989ce861ed636b813b059e16bc267bb543e7c2b26ef43e4798b",
    "https://deno.land/x/deno_dom@v0.1.37/src/dom/selectors/sizzle.js": "c3aed60c1045a106d8e546ac2f85cc82e65f62d9af2f8f515210b9212286682a",
    "https://deno.land/x/deno_dom@v0.1.37/src/dom/utils-types.ts": "96db30e3e4a75b194201bb9fa30988215da7f91b380fca6a5143e51ece2a8436",
    "https://deno.land/x/deno_dom@v0.1.37/src/dom/utils.ts": "2e816a54f243d2f7e2e3616d1551b43a46c34f67995a321490aa94e424bb7a20",
    "https://deno.land/x/deno_dom@v0.1.37/src/parser.ts": "b65eb7e673fa7ca611de871de109655f0aa9fa35ddc1de73df1a5fc2baafc332",
    "https://deno.land/x/dotenv@v3.2.2/mod.ts": "077b48773de9205266a0b44c3c3a3c3083449ed64bb0b6cc461b95720678d38e",
    "https://deno.land/x/dotenv@v3.2.2/util.ts": "693730877b13f8ead2b79b2aa31e2a0652862f7dc0c5f6d2f313f4d39c7b7670",
    "https://deno.land/x/runtypes@v1.0.0/mod.ts": "c3983b0f12105fb0b7728689e7b862eee77ebdffa639d5fa08b251ac83b693ae",
    "https://deno.land/x/runtypes@v1.0.0/src/asynccontract.ts": "c20811e640005df696179c549877647cc89858243473bd0ebb2d1f095db71930",
    "https://deno.land/x/runtypes@v1.0.0/src/contract.ts": "b186395b7acf3ca769f593b05a313d465e844568b6e6284102314ecad0661e8a",
    "https://deno.land/x/runtypes@v1.0.0/src/errors.ts": "4f60df0d8141a7b3a93332dae6c554feed3b4851a84dc83c8406a1c3e9dbe6fe",
    "https://deno.land/x/runtypes@v1.0.0/src/match.ts": "9da78bf4f8ef22931a84a4512793d6b2cd96a791d4cdac499c345610ce7a0bbd",
    "https://deno.land/x/runtypes@v1.0.0/src/reflect.ts": "fe865079ed2d937ccd28f03939c58c1e8b8a36a0461da560d28f7f328e619370",
    "https://deno.land/x/runtypes@v1.0.0/src/result.ts": "2d5e44493f9c9bc06f64e4ad2282a7d8b9870bdff5487b2cf9a682cff315c7a1",
    "https://deno.land/x/runtypes@v1.0.0/src/runtype.ts": "8f7889f055ad5d96105b8071ac8a35ffff82436ac9484105d333d4f52e19d2c4",
    "https://deno.land/x/runtypes@v1.0.0/src/show.ts": "f2639ee4cf71456196a211981b91b916c6c0884ef7515cc32a66c2ea8b73a202",
    "https://deno.land/x/runtypes@v1.0.0/src/types/array.ts": "5f64354ff7ab4bad702920f9ba422a31c1234334f7d2a078b71044669f228bea",
    "https://deno.land/x/runtypes@v1.0.0/src/types/bigint.ts": "d53a246c6823e843b2d42866eb9f3d57555b05e3d8db5d22f1b73ba24d8b891e",
    "https://deno.land/x/runtypes@v1.0.0/src/types/boolean.ts": "8531de795c6915e464df7cf4c607f047d19e8056620e9403d239aff349d6938d",
    "https://deno.land/x/runtypes@v1.0.0/src/types/brand.ts": "2b688d03c4af2fd1250da477393df9f2d086f40ffadc3803cbd8efbb5c0cf968",
    "https://deno.land/x/runtypes@v1.0.0/src/types/constraint.ts": "0a2ae56fb090cfc911c94b17582a6e623d9dad156fa4bea90476efab553adaf1",
    "https://deno.land/x/runtypes@v1.0.0/src/types/dictionary.ts": "8bb765bc913de36f02fabd6d34cda63c6fd4df15c69c61dbcc07758c6413e031",
    "https://deno.land/x/runtypes@v1.0.0/src/types/function.ts": "0f2cfe13f7b450220619527185c7bce1bcba676273dada9de3c6a5e58a6e6eea",
    "https://deno.land/x/runtypes@v1.0.0/src/types/instanceof.ts": "5498de0df450ea334f639cf7ed64afae6bb7e3a6cc99926ebd94ce7481905cab",
    "https://deno.land/x/runtypes@v1.0.0/src/types/intersect.ts": "eb3c209355a6a64488af86184d816026ae8d4cb21693dea79cb8dfed65f9af5c",
    "https://deno.land/x/runtypes@v1.0.0/src/types/lazy.ts": "4aa716d94d128abaace422352919fe366c84055e14eed217a58274a0def8de87",
    "https://deno.land/x/runtypes@v1.0.0/src/types/literal.ts": "d9ae5f2a3627590de8301674306d0b2de89d749aa37ecc0b31f443e31de193da",
    "https://deno.land/x/runtypes@v1.0.0/src/types/never.ts": "31c18349b9099b9b4d8c67cc44ff56ddba611a2e2cdb9b3baa8b3d2db52a9982",
    "https://deno.land/x/runtypes@v1.0.0/src/types/number.ts": "b9810960d4acf223f15b037ca1e050a0b14a84f80f1a3b08369eadaf0407f385",
    "https://deno.land/x/runtypes@v1.0.0/src/types/optional.ts": "bf48d6971471f584b05dcb39e7a91f8b66d7426f3a9b9e50adfed6d92882c632",
    "https://deno.land/x/runtypes@v1.0.0/src/types/record.ts": "52173620677c6e0da08e2b81e129def18c4610e5139fc216685b5e535d2a6338",
    "https://deno.land/x/runtypes@v1.0.0/src/types/string.ts": "421ab095a107859f6a034ea230f02b9640793828f10367e9e450ee07b1af99c2",
    "https://deno.land/x/runtypes@v1.0.0/src/types/symbol.ts": "a1ef6c95d052abdbd6ed71ecd13cb1ec36119a56688625b531d063e27d01da7d",
    "https://deno.land/x/runtypes@v1.0.0/src/types/template.ts": "ad3393c94a5b66a599241bef156718903fd02d164e9203f27d680e819c994d83",
    "https://deno.land/x/runtypes@v1.0.0/src/types/tuple.ts": "c29db3261721068b3ac4039a0816f261015b825c46c7aa227705b80b5576525c",
    "https://deno.land/x/runtypes@v1.0.0/src/types/union.ts": "ed811c23c2567e15bd52c3bb574c5eb7d80f3a12fcfe3fc73a939cf9206b300f",
    "https://deno.land/x/runtypes@v1.0.0/src/types/unknown.ts": "35fc406b2892c683f68ae904c2ed7d99bbc7cffaa52cf239a1086f2b55f619fe",
    "https://deno.land/x/runtypes@v1.0.0/src/types/void.ts": "689d91428bc7f7e68eb0c9ca6a65a80e8afde8dbaa94486d08996ce7ffab07f9",
    "https://deno.land/x/runtypes@v1.0.0/src/util.ts": "4001a701a57b48a8e0d42251b3e77bd54ea0efdbbf013f214e72d67e9149dadc",
    "https://deno.land/x/todoist@v1.0.0/deps/case.ts": "fb98409a4dd30044e15a62dae66f45f4e1bac969301d2f1817e026bc86720e6e",
    "https://deno.land/x/todoist@v1.0.0/deps/runtypes.ts": "f5aadf996203dc2256390b6ea0f314c0257eb9e88a8f3cc4a020388b75119123",
    "https://deno.land/x/todoist@v1.0.0/deps/url_join.ts": "7eb5b08e1937a1c25efc4a646506a77b246b51cc942aa16e987526b528d145f1",
    "https://deno.land/x/todoist@v1.0.0/mod.ts": "91bfc3e31659b038f44d33eaba53371838c63c27107b2cb4b7cfd71bca0292ed",
    "https://deno.land/x/todoist@v1.0.0/src/TodoistApi.ts": "3c2bbaecb90bbcc0c7bfbd479394c085764d9e07585e2fbf04bedff4c54f6fbd",
    "https://deno.land/x/todoist@v1.0.0/src/authentication.ts": "1d9e89f43eb135cd124029e6c85d804a3f8cacc84f8cf072ed7b9b4acdd34be7",
    "https://deno.land/x/todoist@v1.0.0/src/consts/endpoints.ts": "d12ca4a3bcf57c6952eb69429194aab2593a8ba3d460ad93725fffb502025a75",
    "https://deno.land/x/todoist@v1.0.0/src/restClient.ts": "8bc4ffb665518aa71fc695766c59438b091e618306dbff17177741c29c7a2b51",
    "https://deno.land/x/todoist@v1.0.0/src/types/entities.ts": "7d9f02b84e7f54bfb580af1f924f8d5f20c35e397ea39f28c0c200398b29b30f",
    "https://deno.land/x/todoist@v1.0.0/src/types/errors.ts": "ce7dd10f9920c9598160f79e684f278e260a038ad78636b89de0e042fb39e360",
    "https://deno.land/x/todoist@v1.0.0/src/types/http.ts": "d9dbd642510e9e9b14eff57504687435e036c1b803b876bcafc6f00ae101d3a3",
    "https://deno.land/x/todoist@v1.0.0/src/types/mod.ts": "ac67cb77a24dad9cd5798c0bfe9322d42f556b8346d5e03e002ec33a77e98e8b",
    "https://deno.land/x/todoist@v1.0.0/src/types/requests.ts": "6c0752a4c05af2a3b6749a001f419f20c210f39925950adda182c6b83bbacea4",
    "https://deno.land/x/todoist@v1.0.0/src/types/transformation.ts": "2743d7734e5e74f87faccb4da13ef51a25eca1c7723529c58bd6fb775e00daf6",
    "https://deno.land/x/todoist@v1.0.0/src/utils/colors.ts": "138d1988c31dcfb57cf5846b7e915e295065b869b92863ae0588d524b98756e3",
    "https://deno.land/x/todoist@v1.0.0/src/utils/mod.ts": "8ea7c35084ae83ba0dcd79d4452c6a27ff1c2ce0876c0201ecbdac8314786326",
    "https://deno.land/x/todoist@v1.0.0/src/utils/sanitization.ts": "c5f4c847b82d00b746306bda24f879ad0b4bd4fd524ad2477039a1a98280a1cc",
    "https://deno.land/x/todoist@v1.0.0/src/utils/taskConverters.ts": "3d6001acdf771f4fc852f8927015b7c1565bbf2481a7247f61d2beb6a5252dbd",
    "https://deno.land/x/todoist@v1.0.0/src/utils/transformation.ts": "f7426be8da672d5af955c8c329e0996b21b7e63e4c226a91fd410a2803c63c44",
    "https://deno.land/x/todoist@v1.0.0/src/utils/validators.ts": "48d093320362b9bf94acf25c1b57b4a7eef9e715ed87e6cb145e3174de271999",
    "https://deno.land/x/url_join@1.0.0/mod.ts": "d3c7007e3ab15594e54d5b90dce623b3e274a726e0cdf57858e7ecab77a0166c"
  },
  "npm": {
    "specifiers": {
      "@doist/todoist-api-typescript": "@doist/todoist-api-typescript@2.1.2_axios@0.27.2"
    },
    "packages": {
      "@babel/runtime@7.21.0": {
        "integrity": "sha512-xwII0//EObnq89Ji5AKYQaRYiW/nZ3llSv29d49IuxPhKbtJoLP+9QUUZ4nVragQVtaVGeZrpB+ZtG/Pdy/POw==",
        "dependencies": {
          "regenerator-runtime": "regenerator-runtime@0.13.11"
        }
      },
      "@doist/todoist-api-typescript@2.1.2_axios@0.27.2": {
        "integrity": "sha512-6aCY8FVERMBQ+hDcADGjz76f8fZwRww3gIg05/KkcGhwqq2nfzQAPJ0d3T2F67yWTRCAmxMSupERqFJbCRXDXA==",
        "dependencies": {
          "axios": "axios@0.27.2",
          "axios-case-converter": "axios-case-converter@0.11.1_axios@0.27.2",
          "axios-retry": "axios-retry@3.4.0",
          "runtypes": "runtypes@6.6.0",
          "ts-custom-error": "ts-custom-error@3.3.1",
          "uuid": "uuid@9.0.0"
        }
      },
      "asynckit@0.4.0": {
        "integrity": "sha512-Oei9OH4tRh0YqU3GxhX79dM/mwVgvbZJaSNaRk+bshkj0S5cfHcgYakreBjrHwatXKbz+IoIdYLxrKim2MjW0Q==",
        "dependencies": {}
      },
      "axios-case-converter@0.11.1_axios@0.27.2": {
        "integrity": "sha512-i5hrkBg7SE9jsm2Q+ClznR5DsKcYXChH6Cc3Rhx2p4gdIfJwvvO5/ATcAg/vN2UVzGE2B1eR1O4VuEGkICdJdQ==",
        "dependencies": {
          "axios": "axios@0.27.2",
          "camel-case": "camel-case@4.1.2",
          "header-case": "header-case@2.0.4",
          "snake-case": "snake-case@3.0.4",
          "tslib": "tslib@2.5.0"
        }
      },
      "axios-retry@3.4.0": {
        "integrity": "sha512-VdgaP+gHH4iQYCCNUWF2pcqeciVOdGrBBAYUfTY+wPcO5Ltvp/37MLFNCmJKo7Gj3SHvCSdL8ouI1qLYJN3liA==",
        "dependencies": {
          "@babel/runtime": "@babel/runtime@7.21.0",
          "is-retry-allowed": "is-retry-allowed@2.2.0"
        }
      },
      "axios@0.27.2": {
        "integrity": "sha512-t+yRIyySRTp/wua5xEr+z1q60QmLq8ABsS5O9Me1AsE5dfKqgnCFzwiCZZ/cGNd1lq4/7akDWMxdhVlucjmnOQ==",
        "dependencies": {
          "follow-redirects": "follow-redirects@1.15.2",
          "form-data": "form-data@4.0.0"
        }
      },
      "camel-case@4.1.2": {
        "integrity": "sha512-gxGWBrTT1JuMx6R+o5PTXMmUnhnVzLQ9SNutD4YqKtI6ap897t3tKECYla6gCWEkplXnlNybEkZg9GEGxKFCgw==",
        "dependencies": {
          "pascal-case": "pascal-case@3.1.2",
          "tslib": "tslib@2.5.0"
        }
      },
      "capital-case@1.0.4": {
        "integrity": "sha512-ds37W8CytHgwnhGGTi88pcPyR15qoNkOpYwmMMfnWqqWgESapLqvDx6huFjQ5vqWSn2Z06173XNA7LtMOeUh1A==",
        "dependencies": {
          "no-case": "no-case@3.0.4",
          "tslib": "tslib@2.5.0",
          "upper-case-first": "upper-case-first@2.0.2"
        }
      },
      "combined-stream@1.0.8": {
        "integrity": "sha512-FQN4MRfuJeHf7cBbBMJFXhKSDq+2kAArBlmRBvcvFE5BB1HZKXtSFASDhdlz9zOYwxh8lDdnvmMOe/+5cdoEdg==",
        "dependencies": {
          "delayed-stream": "delayed-stream@1.0.0"
        }
      },
      "delayed-stream@1.0.0": {
        "integrity": "sha512-ZySD7Nf91aLB0RxL4KGrKHBXl7Eds1DAmEdcoVawXnLD7SDhpNgtuII2aAkg7a7QS41jxPSZ17p4VdGnMHk3MQ==",
        "dependencies": {}
      },
      "dot-case@3.0.4": {
        "integrity": "sha512-Kv5nKlh6yRrdrGvxeJ2e5y2eRUpkUosIW4A2AS38zwSz27zu7ufDwQPi5Jhs3XAlGNetl3bmnGhQsMtkKJnj3w==",
        "dependencies": {
          "no-case": "no-case@3.0.4",
          "tslib": "tslib@2.5.0"
        }
      },
      "follow-redirects@1.15.2": {
        "integrity": "sha512-VQLG33o04KaQ8uYi2tVNbdrWp1QWxNNea+nmIB4EVM28v0hmP17z7aG1+wAkNzVq4KeXTq3221ye5qTJP91JwA==",
        "dependencies": {}
      },
      "form-data@4.0.0": {
        "integrity": "sha512-ETEklSGi5t0QMZuiXoA/Q6vcnxcLQP5vdugSpuAyi6SVGi2clPPp+xgEhuMaHC+zGgn31Kd235W35f7Hykkaww==",
        "dependencies": {
          "asynckit": "asynckit@0.4.0",
          "combined-stream": "combined-stream@1.0.8",
          "mime-types": "mime-types@2.1.35"
        }
      },
      "header-case@2.0.4": {
        "integrity": "sha512-H/vuk5TEEVZwrR0lp2zed9OCo1uAILMlx0JEMgC26rzyJJ3N1v6XkwHHXJQdR2doSjcGPM6OKPYoJgf0plJ11Q==",
        "dependencies": {
          "capital-case": "capital-case@1.0.4",
          "tslib": "tslib@2.5.0"
        }
      },
      "is-retry-allowed@2.2.0": {
        "integrity": "sha512-XVm7LOeLpTW4jV19QSH38vkswxoLud8sQ57YwJVTPWdiaI9I8keEhGFpBlslyVsgdQy4Opg8QOLb8YRgsyZiQg==",
        "dependencies": {}
      },
      "lower-case@2.0.2": {
        "integrity": "sha512-7fm3l3NAF9WfN6W3JOmf5drwpVqX78JtoGJ3A6W0a6ZnldM41w2fV5D490psKFTpMds8TJse/eHLFFsNHHjHgg==",
        "dependencies": {
          "tslib": "tslib@2.5.0"
        }
      },
      "mime-db@1.52.0": {
        "integrity": "sha512-sPU4uV7dYlvtWJxwwxHD0PuihVNiE7TyAbQ5SWxDCB9mUYvOgroQOwYQQOKPJ8CIbE+1ETVlOoK1UC2nU3gYvg==",
        "dependencies": {}
      },
      "mime-types@2.1.35": {
        "integrity": "sha512-ZDY+bPm5zTTF+YpCrAU9nK0UgICYPT0QtT1NZWFv4s++TNkcgVaT0g6+4R2uI4MjQjzysHB1zxuWL50hzaeXiw==",
        "dependencies": {
          "mime-db": "mime-db@1.52.0"
        }
      },
      "no-case@3.0.4": {
        "integrity": "sha512-fgAN3jGAh+RoxUGZHTSOLJIqUc2wmoBwGR4tbpNAKmmovFoWq0OdRkb0VkldReO2a2iBT/OEulG9XSUc10r3zg==",
        "dependencies": {
          "lower-case": "lower-case@2.0.2",
          "tslib": "tslib@2.5.0"
        }
      },
      "pascal-case@3.1.2": {
        "integrity": "sha512-uWlGT3YSnK9x3BQJaOdcZwrnV6hPpd8jFH1/ucpiLRPh/2zCVJKS19E4GvYHvaCcACn3foXZ0cLB9Wrx1KGe5g==",
        "dependencies": {
          "no-case": "no-case@3.0.4",
          "tslib": "tslib@2.5.0"
        }
      },
      "regenerator-runtime@0.13.11": {
        "integrity": "sha512-kY1AZVr2Ra+t+piVaJ4gxaFaReZVH40AKNo7UCX6W+dEwBo/2oZJzqfuN1qLq1oL45o56cPaTXELwrTh8Fpggg==",
        "dependencies": {}
      },
      "runtypes@6.6.0": {
        "integrity": "sha512-ddM7sgB3fyboDlBzEYFQ04L674sKjbs4GyW2W32N/5Ae47NRd/GyMASPC2PFw8drPHYGEcZ0mZ26r5RcB8msfQ==",
        "dependencies": {}
      },
      "snake-case@3.0.4": {
        "integrity": "sha512-LAOh4z89bGQvl9pFfNF8V146i7o7/CqFPbqzYgP+yYzDIDeS9HaNFtXABamRW+AQzEVODcvE79ljJ+8a9YSdMg==",
        "dependencies": {
          "dot-case": "dot-case@3.0.4",
          "tslib": "tslib@2.5.0"
        }
      },
      "ts-custom-error@3.3.1": {
        "integrity": "sha512-5OX1tzOjxWEgsr/YEUWSuPrQ00deKLh6D7OTWcvNHm12/7QPyRh8SYpyWvA4IZv8H/+GQWQEh/kwo95Q9OVW1A==",
        "dependencies": {}
      },
      "tslib@2.5.0": {
        "integrity": "sha512-336iVw3rtn2BUK7ORdIAHTyxHGRIHVReokCR3XjbckJMK7ms8FysBfhLR8IXnAgy7T0PTPNBWKiH514FOW/WSg==",
        "dependencies": {}
      },
      "upper-case-first@2.0.2": {
        "integrity": "sha512-514ppYHBaKwfJRK/pNC6c/OxfGa0obSnAl106u97Ed0I625Nin96KAjttZF6ZL3e1XLtphxnqrOi9iWgm+u+bg==",
        "dependencies": {
          "tslib": "tslib@2.5.0"
        }
      },
      "uuid@9.0.0": {
        "integrity": "sha512-MXcSTerfPa4uqyzStbRoTgt5XIe3x5+42+q1sDuy3R5MDk66URdLMOZe5aPX/SQd+kuYAh0FdP/pO28IkQyTeg==",
        "dependencies": {}
      }
    }
  }
}
